// !$*UTF8*$!
{
	archiveVersion = 1;
	classes = {
	};
	objectVersion = 50;
	objects = {

/* Begin PBXBuildFile section */
		094DF6612503C08700A3B46B /* UIImageView+Extension.swift in Sources */ = {isa = PBXBuildFile; fileRef = 094DF6602503C08700A3B46B /* UIImageView+Extension.swift */; };
		097F7A7625036AED00C08BFE /* VCViewModel.swift in Sources */ = {isa = PBXBuildFile; fileRef = 097F7A7525036AED00C08BFE /* VCViewModel.swift */; };
		097F7A7825036B0700C08BFE /* TableCellViewModel.swift in Sources */ = {isa = PBXBuildFile; fileRef = 097F7A7725036B0700C08BFE /* TableCellViewModel.swift */; };
		097F7A7B2503722600C08BFE /* AlbumSearchData.swift in Sources */ = {isa = PBXBuildFile; fileRef = 097F7A7A2503722600C08BFE /* AlbumSearchData.swift */; };
		097F7A7E250373C300C08BFE /* Model+Extensions.swift in Sources */ = {isa = PBXBuildFile; fileRef = 097F7A7D250373C300C08BFE /* Model+Extensions.swift */; };
		0982C67A250326F30066C549 /* AppDelegate.swift in Sources */ = {isa = PBXBuildFile; fileRef = 0982C679250326F30066C549 /* AppDelegate.swift */; };
		0982C67C250326F30066C549 /* SceneDelegate.swift in Sources */ = {isa = PBXBuildFile; fileRef = 0982C67B250326F30066C549 /* SceneDelegate.swift */; };
		0982C67E250326F30066C549 /* ViewController.swift in Sources */ = {isa = PBXBuildFile; fileRef = 0982C67D250326F30066C549 /* ViewController.swift */; };
		0982C681250326F30066C549 /* Main.storyboard in Resources */ = {isa = PBXBuildFile; fileRef = 0982C67F250326F30066C549 /* Main.storyboard */; };
		0982C683250326F40066C549 /* Assets.xcassets in Resources */ = {isa = PBXBuildFile; fileRef = 0982C682250326F40066C549 /* Assets.xcassets */; };
		0982C686250326F40066C549 /* LaunchScreen.storyboard in Resources */ = {isa = PBXBuildFile; fileRef = 0982C684250326F40066C549 /* LaunchScreen.storyboard */; };
		0982C694250360B80066C549 /* albums.json in Resources */ = {isa = PBXBuildFile; fileRef = 0982C693250360B80066C549 /* albums.json */; };
		0982C696250361870066C549 /* LFSearchResult.swift in Sources */ = {isa = PBXBuildFile; fileRef = 0982C695250361870066C549 /* LFSearchResult.swift */; };
		0982C698250362230066C549 /* LFSearchRequest.swift in Sources */ = {isa = PBXBuildFile; fileRef = 0982C697250362230066C549 /* LFSearchRequest.swift */; };
		0982C69A2503629E0066C549 /* LFSearchService.swift in Sources */ = {isa = PBXBuildFile; fileRef = 0982C6992503629E0066C549 /* LFSearchService.swift */; };
		09D91D5225052CC5006C9413 /* LastFMTests.swift in Sources */ = {isa = PBXBuildFile; fileRef = 09D91D5125052CC5006C9413 /* LastFMTests.swift */; };
		09D91D5A25052D67006C9413 /* XCTestCase.swift in Sources */ = {isa = PBXBuildFile; fileRef = 09D91D5925052D67006C9413 /* XCTestCase.swift */; };
		09D91D5D250543AD006C9413 /* AlbumTableViewCell.swift in Sources */ = {isa = PBXBuildFile; fileRef = 09D91D5C250543AD006C9413 /* AlbumTableViewCell.swift */; };
/* End PBXBuildFile section */

/* Begin PBXContainerItemProxy section */
		09D91D5425052CC5006C9413 /* PBXContainerItemProxy */ = {
			isa = PBXContainerItemProxy;
			containerPortal = 0982C66E250326F20066C549 /* Project object */;
			proxyType = 1;
			remoteGlobalIDString = 0982C675250326F30066C549;
			remoteInfo = LastFM;
		};
/* End PBXContainerItemProxy section */

/* Begin PBXFileReference section */
		094DF6602503C08700A3B46B /* UIImageView+Extension.swift */ = {isa = PBXFileReference; lastKnownFileType = sourcecode.swift; path = "UIImageView+Extension.swift"; sourceTree = "<group>"; };
		097F7A7525036AED00C08BFE /* VCViewModel.swift */ = {isa = PBXFileReference; lastKnownFileType = sourcecode.swift; path = VCViewModel.swift; sourceTree = "<group>"; };
		097F7A7725036B0700C08BFE /* TableCellViewModel.swift */ = {isa = PBXFileReference; lastKnownFileType = sourcecode.swift; path = TableCellViewModel.swift; sourceTree = "<group>"; };
		097F7A7A2503722600C08BFE /* AlbumSearchData.swift */ = {isa = PBXFileReference; lastKnownFileType = sourcecode.swift; path = AlbumSearchData.swift; sourceTree = "<group>"; };
		097F7A7D250373C300C08BFE /* Model+Extensions.swift */ = {isa = PBXFileReference; lastKnownFileType = sourcecode.swift; path = "Model+Extensions.swift"; sourceTree = "<group>"; };
		0982C676250326F30066C549 /* LastFM.app */ = {isa = PBXFileReference; explicitFileType = wrapper.application; includeInIndex = 0; path = LastFM.app; sourceTree = BUILT_PRODUCTS_DIR; };
		0982C679250326F30066C549 /* AppDelegate.swift */ = {isa = PBXFileReference; lastKnownFileType = sourcecode.swift; path = AppDelegate.swift; sourceTree = "<group>"; };
		0982C67B250326F30066C549 /* SceneDelegate.swift */ = {isa = PBXFileReference; lastKnownFileType = sourcecode.swift; path = SceneDelegate.swift; sourceTree = "<group>"; };
		0982C67D250326F30066C549 /* ViewController.swift */ = {isa = PBXFileReference; lastKnownFileType = sourcecode.swift; path = ViewController.swift; sourceTree = "<group>"; };
		0982C680250326F30066C549 /* Base */ = {isa = PBXFileReference; lastKnownFileType = file.storyboard; name = Base; path = Base.lproj/Main.storyboard; sourceTree = "<group>"; };
		0982C682250326F40066C549 /* Assets.xcassets */ = {isa = PBXFileReference; lastKnownFileType = folder.assetcatalog; path = Assets.xcassets; sourceTree = "<group>"; };
		0982C685250326F40066C549 /* Base */ = {isa = PBXFileReference; lastKnownFileType = file.storyboard; name = Base; path = Base.lproj/LaunchScreen.storyboard; sourceTree = "<group>"; };
		0982C687250326F40066C549 /* Info.plist */ = {isa = PBXFileReference; lastKnownFileType = text.plist.xml; path = Info.plist; sourceTree = "<group>"; };
		0982C693250360B80066C549 /* albums.json */ = {isa = PBXFileReference; lastKnownFileType = text.json; path = albums.json; sourceTree = "<group>"; };
		0982C695250361870066C549 /* LFSearchResult.swift */ = {isa = PBXFileReference; lastKnownFileType = sourcecode.swift; path = LFSearchResult.swift; sourceTree = "<group>"; };
		0982C697250362230066C549 /* LFSearchRequest.swift */ = {isa = PBXFileReference; lastKnownFileType = sourcecode.swift; path = LFSearchRequest.swift; sourceTree = "<group>"; };
		0982C6992503629E0066C549 /* LFSearchService.swift */ = {isa = PBXFileReference; lastKnownFileType = sourcecode.swift; path = LFSearchService.swift; sourceTree = "<group>"; };
		09D91D4F25052CC5006C9413 /* LastFMTests.xctest */ = {isa = PBXFileReference; explicitFileType = wrapper.cfbundle; includeInIndex = 0; path = LastFMTests.xctest; sourceTree = BUILT_PRODUCTS_DIR; };
		09D91D5125052CC5006C9413 /* LastFMTests.swift */ = {isa = PBXFileReference; lastKnownFileType = sourcecode.swift; path = LastFMTests.swift; sourceTree = "<group>"; };
		09D91D5325052CC5006C9413 /* Info.plist */ = {isa = PBXFileReference; lastKnownFileType = text.plist.xml; path = Info.plist; sourceTree = "<group>"; };
		09D91D5925052D67006C9413 /* XCTestCase.swift */ = {isa = PBXFileReference; lastKnownFileType = sourcecode.swift; path = XCTestCase.swift; sourceTree = "<group>"; };
		09D91D5C250543AD006C9413 /* AlbumTableViewCell.swift */ = {isa = PBXFileReference; lastKnownFileType = sourcecode.swift; path = AlbumTableViewCell.swift; sourceTree = "<group>"; };
/* End PBXFileReference section */

/* Begin PBXFrameworksBuildPhase section */
		0982C673250326F30066C549 /* Frameworks */ = {
			isa = PBXFrameworksBuildPhase;
			buildActionMask = 2147483647;
			files = (
			);
			runOnlyForDeploymentPostprocessing = 0;
		};
		09D91D4C25052CC5006C9413 /* Frameworks */ = {
			isa = PBXFrameworksBuildPhase;
			buildActionMask = 2147483647;
			files = (
			);
			runOnlyForDeploymentPostprocessing = 0;
		};
/* End PBXFrameworksBuildPhase section */

/* Begin PBXGroup section */
		097F7A792503720C00C08BFE /* Protocols */ = {
			isa = PBXGroup;
			children = (
				097F7A7A2503722600C08BFE /* AlbumSearchData.swift */,
			);
			path = Protocols;
			sourceTree = "<group>";
		};
		097F7A7C2503739800C08BFE /* Extensions */ = {
			isa = PBXGroup;
			children = (
				097F7A7D250373C300C08BFE /* Model+Extensions.swift */,
				094DF6602503C08700A3B46B /* UIImageView+Extension.swift */,
			);
			path = Extensions;
			sourceTree = "<group>";
		};
		0982C66D250326F20066C549 = {
			isa = PBXGroup;
			children = (
				0982C678250326F30066C549 /* LastFM */,
				09D91D5025052CC5006C9413 /* LastFMTests */,
				0982C677250326F30066C549 /* Products */,
			);
			sourceTree = "<group>";
		};
		0982C677250326F30066C549 /* Products */ = {
			isa = PBXGroup;
			children = (
				0982C676250326F30066C549 /* LastFM.app */,
				09D91D4F25052CC5006C9413 /* LastFMTests.xctest */,
			);
			name = Products;
			sourceTree = "<group>";
		};
		0982C678250326F30066C549 /* LastFM */ = {
			isa = PBXGroup;
			children = (
				097F7A7C2503739800C08BFE /* Extensions */,
				097F7A792503720C00C08BFE /* Protocols */,
				0982C68E250327430066C549 /* SceneDelegate */,
				0982C68D2503272F0066C549 /* AppDelegate */,
				0982C692250328290066C549 /* Models */,
				0982C6902503276F0066C549 /* ViewModels */,
				0982C68F2503275D0066C549 /* ViewControllers */,
				09D91D5B2505437A006C9413 /* CustomTableCell */,
				0982C6912503277D0066C549 /* Storyboards */,
				0982C682250326F40066C549 /* Assets.xcassets */,
				0982C687250326F40066C549 /* Info.plist */,
			);
			path = LastFM;
			sourceTree = "<group>";
		};
		0982C68D2503272F0066C549 /* AppDelegate */ = {
			isa = PBXGroup;
			children = (
				0982C679250326F30066C549 /* AppDelegate.swift */,
			);
			path = AppDelegate;
			sourceTree = "<group>";
		};
		0982C68E250327430066C549 /* SceneDelegate */ = {
			isa = PBXGroup;
			children = (
				0982C67B250326F30066C549 /* SceneDelegate.swift */,
			);
			path = SceneDelegate;
			sourceTree = "<group>";
		};
		0982C68F2503275D0066C549 /* ViewControllers */ = {
			isa = PBXGroup;
			children = (
				0982C67D250326F30066C549 /* ViewController.swift */,
			);
			path = ViewControllers;
			sourceTree = "<group>";
		};
		0982C6902503276F0066C549 /* ViewModels */ = {
			isa = PBXGroup;
			children = (
				097F7A7525036AED00C08BFE /* VCViewModel.swift */,
				097F7A7725036B0700C08BFE /* TableCellViewModel.swift */,
			);
			path = ViewModels;
			sourceTree = "<group>";
		};
		0982C6912503277D0066C549 /* Storyboards */ = {
			isa = PBXGroup;
			children = (
				0982C67F250326F30066C549 /* Main.storyboard */,
				0982C684250326F40066C549 /* LaunchScreen.storyboard */,
			);
			path = Storyboards;
			sourceTree = "<group>";
		};
		0982C692250328290066C549 /* Models */ = {
			isa = PBXGroup;
			children = (
				0982C695250361870066C549 /* LFSearchResult.swift */,
				0982C697250362230066C549 /* LFSearchRequest.swift */,
				0982C6992503629E0066C549 /* LFSearchService.swift */,
			);
			path = Models;
			sourceTree = "<group>";
		};
		09D91D5025052CC5006C9413 /* LastFMTests */ = {
			isa = PBXGroup;
			children = (
				0982C693250360B80066C549 /* albums.json */,
				09D91D5925052D67006C9413 /* XCTestCase.swift */,
				09D91D5125052CC5006C9413 /* LastFMTests.swift */,
				09D91D5325052CC5006C9413 /* Info.plist */,
			);
			path = LastFMTests;
			sourceTree = "<group>";
		};
		09D91D5B2505437A006C9413 /* CustomTableCell */ = {
			isa = PBXGroup;
			children = (
				09D91D5C250543AD006C9413 /* AlbumTableViewCell.swift */,
			);
			path = CustomTableCell;
			sourceTree = "<group>";
		};
/* End PBXGroup section */

/* Begin PBXNativeTarget section */
		0982C675250326F30066C549 /* LastFM */ = {
			isa = PBXNativeTarget;
			buildConfigurationList = 0982C68A250326F40066C549 /* Build configuration list for PBXNativeTarget "LastFM" */;
			buildPhases = (
				0982C672250326F30066C549 /* Sources */,
				0982C673250326F30066C549 /* Frameworks */,
				0982C674250326F30066C549 /* Resources */,
			);
			buildRules = (
			);
			dependencies = (
			);
			name = LastFM;
			productName = LastFM;
			productReference = 0982C676250326F30066C549 /* LastFM.app */;
			productType = "com.apple.product-type.application";
		};
		09D91D4E25052CC5006C9413 /* LastFMTests */ = {
			isa = PBXNativeTarget;
			buildConfigurationList = 09D91D5825052CC5006C9413 /* Build configuration list for PBXNativeTarget "LastFMTests" */;
			buildPhases = (
				09D91D4B25052CC5006C9413 /* Sources */,
				09D91D4C25052CC5006C9413 /* Frameworks */,
				09D91D4D25052CC5006C9413 /* Resources */,
			);
			buildRules = (
			);
			dependencies = (
				09D91D5525052CC5006C9413 /* PBXTargetDependency */,
			);
			name = LastFMTests;
			productName = LastFMTests;
			productReference = 09D91D4F25052CC5006C9413 /* LastFMTests.xctest */;
			productType = "com.apple.product-type.bundle.unit-test";
		};
/* End PBXNativeTarget section */

/* Begin PBXProject section */
		0982C66E250326F20066C549 /* Project object */ = {
			isa = PBXProject;
			attributes = {
				LastSwiftUpdateCheck = 1150;
				LastUpgradeCheck = 1150;
				ORGANIZATIONNAME = SDP;
				TargetAttributes = {
					0982C675250326F30066C549 = {
						CreatedOnToolsVersion = 11.5;
					};
					09D91D4E25052CC5006C9413 = {
						CreatedOnToolsVersion = 11.5;
						TestTargetID = 0982C675250326F30066C549;
					};
				};
			};
			buildConfigurationList = 0982C671250326F20066C549 /* Build configuration list for PBXProject "LastFM" */;
			compatibilityVersion = "Xcode 9.3";
			developmentRegion = en;
			hasScannedForEncodings = 0;
			knownRegions = (
				en,
				Base,
			);
			mainGroup = 0982C66D250326F20066C549;
			productRefGroup = 0982C677250326F30066C549 /* Products */;
			projectDirPath = "";
			projectRoot = "";
			targets = (
				0982C675250326F30066C549 /* LastFM */,
				09D91D4E25052CC5006C9413 /* LastFMTests */,
			);
		};
/* End PBXProject section */

/* Begin PBXResourcesBuildPhase section */
		0982C674250326F30066C549 /* Resources */ = {
			isa = PBXResourcesBuildPhase;
			buildActionMask = 2147483647;
			files = (
				0982C686250326F40066C549 /* LaunchScreen.storyboard in Resources */,
				0982C683250326F40066C549 /* Assets.xcassets in Resources */,
				0982C681250326F30066C549 /* Main.storyboard in Resources */,
				0982C694250360B80066C549 /* albums.json in Resources */,
			);
			runOnlyForDeploymentPostprocessing = 0;
		};
		09D91D4D25052CC5006C9413 /* Resources */ = {
			isa = PBXResourcesBuildPhase;
			buildActionMask = 2147483647;
			files = (
			);
			runOnlyForDeploymentPostprocessing = 0;
		};
/* End PBXResourcesBuildPhase section */

/* Begin PBXSourcesBuildPhase section */
		0982C672250326F30066C549 /* Sources */ = {
			isa = PBXSourcesBuildPhase;
			buildActionMask = 2147483647;
			files = (
				097F7A7625036AED00C08BFE /* VCViewModel.swift in Sources */,
				0982C67E250326F30066C549 /* ViewController.swift in Sources */,
				097F7A7B2503722600C08BFE /* AlbumSearchData.swift in Sources */,
				097F7A7E250373C300C08BFE /* Model+Extensions.swift in Sources */,
				0982C698250362230066C549 /* LFSearchRequest.swift in Sources */,
				0982C67A250326F30066C549 /* AppDelegate.swift in Sources */,
				0982C696250361870066C549 /* LFSearchResult.swift in Sources */,
				094DF6612503C08700A3B46B /* UIImageView+Extension.swift in Sources */,
				0982C67C250326F30066C549 /* SceneDelegate.swift in Sources */,
				0982C69A2503629E0066C549 /* LFSearchService.swift in Sources */,
				097F7A7825036B0700C08BFE /* TableCellViewModel.swift in Sources */,
				09D91D5D250543AD006C9413 /* AlbumTableViewCell.swift in Sources */,
			);
			runOnlyForDeploymentPostprocessing = 0;
		};
		09D91D4B25052CC5006C9413 /* Sources */ = {
			isa = PBXSourcesBuildPhase;
			buildActionMask = 2147483647;
			files = (
				09D91D5A25052D67006C9413 /* XCTestCase.swift in Sources */,
				09D91D5225052CC5006C9413 /* LastFMTests.swift in Sources */,
			);
			runOnlyForDeploymentPostprocessing = 0;
		};
/* End PBXSourcesBuildPhase section */

/* Begin PBXTargetDependency section */
		09D91D5525052CC5006C9413 /* PBXTargetDependency */ = {
			isa = PBXTargetDependency;
			target = 0982C675250326F30066C549 /* LastFM */;
			targetProxy = 09D91D5425052CC5006C9413 /* PBXContainerItemProxy */;
		};
/* End PBXTargetDependency section */

/* Begin PBXVariantGroup section */
		0982C67F250326F30066C549 /* Main.storyboard */ = {
			isa = PBXVariantGroup;
			children = (
				0982C680250326F30066C549 /* Base */,
			);
			name = Main.storyboard;
			sourceTree = "<group>";
		};
		0982C684250326F40066C549 /* LaunchScreen.storyboard */ = {
			isa = PBXVariantGroup;
			children = (
				0982C685250326F40066C549 /* Base */,
			);
			name = LaunchScreen.storyboard;
			sourceTree = "<group>";
		};
/* End PBXVariantGroup section */

/* Begin XCBuildConfiguration section */
		0982C688250326F40066C549 /* Debug */ = {
			isa = XCBuildConfiguration;
			buildSettings = {
				ALWAYS_SEARCH_USER_PATHS = NO;
				CLANG_ANALYZER_NONNULL = YES;
				CLANG_ANALYZER_NUMBER_OBJECT_CONVERSION = YES_AGGRESSIVE;
				CLANG_CXX_LANGUAGE_STANDARD = "gnu++14";
				CLANG_CXX_LIBRARY = "libc++";
				CLANG_ENABLE_MODULES = YES;
				CLANG_ENABLE_OBJC_ARC = YES;
				CLANG_ENABLE_OBJC_WEAK = YES;
				CLANG_WARN_BLOCK_CAPTURE_AUTORELEASING = YES;
				CLANG_WARN_BOOL_CONVERSION = YES;
				CLANG_WARN_COMMA = YES;
				CLANG_WARN_CONSTANT_CONVERSION = YES;
				CLANG_WARN_DEPRECATED_OBJC_IMPLEMENTATIONS = YES;
				CLANG_WARN_DIRECT_OBJC_ISA_USAGE = YES_ERROR;
				CLANG_WARN_DOCUMENTATION_COMMENTS = YES;
				CLANG_WARN_EMPTY_BODY = YES;
				CLANG_WARN_ENUM_CONVERSION = YES;
				CLANG_WARN_INFINITE_RECURSION = YES;
				CLANG_WARN_INT_CONVERSION = YES;
				CLANG_WARN_NON_LITERAL_NULL_CONVERSION = YES;
				CLANG_WARN_OBJC_IMPLICIT_RETAIN_SELF = YES;
				CLANG_WARN_OBJC_LITERAL_CONVERSION = YES;
				CLANG_WARN_OBJC_ROOT_CLASS = YES_ERROR;
				CLANG_WARN_RANGE_LOOP_ANALYSIS = YES;
				CLANG_WARN_STRICT_PROTOTYPES = YES;
				CLANG_WARN_SUSPICIOUS_MOVE = YES;
				CLANG_WARN_UNGUARDED_AVAILABILITY = YES_AGGRESSIVE;
				CLANG_WARN_UNREACHABLE_CODE = YES;
				CLANG_WARN__DUPLICATE_METHOD_MATCH = YES;
				COPY_PHASE_STRIP = NO;
				DEBUG_INFORMATION_FORMAT = dwarf;
				ENABLE_STRICT_OBJC_MSGSEND = YES;
				ENABLE_TESTABILITY = YES;
				GCC_C_LANGUAGE_STANDARD = gnu11;
				GCC_DYNAMIC_NO_PIC = NO;
				GCC_NO_COMMON_BLOCKS = YES;
				GCC_OPTIMIZATION_LEVEL = 0;
				GCC_PREPROCESSOR_DEFINITIONS = (
					"DEBUG=1",
					"$(inherited)",
				);
				GCC_WARN_64_TO_32_BIT_CONVERSION = YES;
				GCC_WARN_ABOUT_RETURN_TYPE = YES_ERROR;
				GCC_WARN_UNDECLARED_SELECTOR = YES;
				GCC_WARN_UNINITIALIZED_AUTOS = YES_AGGRESSIVE;
				GCC_WARN_UNUSED_FUNCTION = YES;
				GCC_WARN_UNUSED_VARIABLE = YES;
				IPHONEOS_DEPLOYMENT_TARGET = 13.5;
				MTL_ENABLE_DEBUG_INFO = INCLUDE_SOURCE;
				MTL_FAST_MATH = YES;
				ONLY_ACTIVE_ARCH = YES;
				SDKROOT = iphoneos;
				SWIFT_ACTIVE_COMPILATION_CONDITIONS = DEBUG;
				SWIFT_OPTIMIZATION_LEVEL = "-Onone";
			};
			name = Debug;
		};
		0982C689250326F40066C549 /* Release */ = {
			isa = XCBuildConfiguration;
			buildSettings = {
				ALWAYS_SEARCH_USER_PATHS = NO;
				CLANG_ANALYZER_NONNULL = YES;
				CLANG_ANALYZER_NUMBER_OBJECT_CONVERSION = YES_AGGRESSIVE;
				CLANG_CXX_LANGUAGE_STANDARD = "gnu++14";
				CLANG_CXX_LIBRARY = "libc++";
				CLANG_ENABLE_MODULES = YES;
				CLANG_ENABLE_OBJC_ARC = YES;
				CLANG_ENABLE_OBJC_WEAK = YES;
				CLANG_WARN_BLOCK_CAPTURE_AUTORELEASING = YES;
				CLANG_WARN_BOOL_CONVERSION = YES;
				CLANG_WARN_COMMA = YES;
				CLANG_WARN_CONSTANT_CONVERSION = YES;
				CLANG_WARN_DEPRECATED_OBJC_IMPLEMENTATIONS = YES;
				CLANG_WARN_DIRECT_OBJC_ISA_USAGE = YES_ERROR;
				CLANG_WARN_DOCUMENTATION_COMMENTS = YES;
				CLANG_WARN_EMPTY_BODY = YES;
				CLANG_WARN_ENUM_CONVERSION = YES;
				CLANG_WARN_INFINITE_RECURSION = YES;
				CLANG_WARN_INT_CONVERSION = YES;
				CLANG_WARN_NON_LITERAL_NULL_CONVERSION = YES;
				CLANG_WARN_OBJC_IMPLICIT_RETAIN_SELF = YES;
				CLANG_WARN_OBJC_LITERAL_CONVERSION = YES;
				CLANG_WARN_OBJC_ROOT_CLASS = YES_ERROR;
				CLANG_WARN_RANGE_LOOP_ANALYSIS = YES;
				CLANG_WARN_STRICT_PROTOTYPES = YES;
				CLANG_WARN_SUSPICIOUS_MOVE = YES;
				CLANG_WARN_UNGUARDED_AVAILABILITY = YES_AGGRESSIVE;
				CLANG_WARN_UNREACHABLE_CODE = YES;
				CLANG_WARN__DUPLICATE_METHOD_MATCH = YES;
				COPY_PHASE_STRIP = NO;
				DEBUG_INFORMATION_FORMAT = "dwarf-with-dsym";
				ENABLE_NS_ASSERTIONS = NO;
				ENABLE_STRICT_OBJC_MSGSEND = YES;
				GCC_C_LANGUAGE_STANDARD = gnu11;
				GCC_NO_COMMON_BLOCKS = YES;
				GCC_WARN_64_TO_32_BIT_CONVERSION = YES;
				GCC_WARN_ABOUT_RETURN_TYPE = YES_ERROR;
				GCC_WARN_UNDECLARED_SELECTOR = YES;
				GCC_WARN_UNINITIALIZED_AUTOS = YES_AGGRESSIVE;
				GCC_WARN_UNUSED_FUNCTION = YES;
				GCC_WARN_UNUSED_VARIABLE = YES;
				IPHONEOS_DEPLOYMENT_TARGET = 13.5;
				MTL_ENABLE_DEBUG_INFO = NO;
				MTL_FAST_MATH = YES;
				SDKROOT = iphoneos;
				SWIFT_COMPILATION_MODE = wholemodule;
				SWIFT_OPTIMIZATION_LEVEL = "-O";
				VALIDATE_PRODUCT = YES;
			};
			name = Release;
		};
		0982C68B250326F40066C549 /* Debug */ = {
			isa = XCBuildConfiguration;
			buildSettings = {
				ASSETCATALOG_COMPILER_APPICON_NAME = AppIcon;
				CODE_SIGN_STYLE = Automatic;
				DEVELOPMENT_TEAM = ZK6TP6FELQ;
				INFOPLIST_FILE = LastFM/Info.plist;
				LD_RUNPATH_SEARCH_PATHS = (
					"$(inherited)",
					"@executable_path/Frameworks",
				);
				PRODUCT_BUNDLE_IDENTIFIER = com.sdp.LastFM;
				PRODUCT_NAME = "$(TARGET_NAME)";
				SWIFT_VERSION = 5.0;
				TARGETED_DEVICE_FAMILY = "1,2";
			};
			name = Debug;
		};
		0982C68C250326F40066C549 /* Release */ = {
			isa = XCBuildConfiguration;
			buildSettings = {
				ASSETCATALOG_COMPILER_APPICON_NAME = AppIcon;
				CODE_SIGN_STYLE = Automatic;
				DEVELOPMENT_TEAM = ZK6TP6FELQ;
				INFOPLIST_FILE = LastFM/Info.plist;
				LD_RUNPATH_SEARCH_PATHS = (
					"$(inherited)",
					"@executable_path/Frameworks",
				);
				PRODUCT_BUNDLE_IDENTIFIER = com.sdp.LastFM;
				PRODUCT_NAME = "$(TARGET_NAME)";
				SWIFT_VERSION = 5.0;
				TARGETED_DEVICE_FAMILY = "1,2";
			};
			name = Release;
		};
		09D91D5625052CC5006C9413 /* Debug */ = {
			isa = XCBuildConfiguration;
			buildSettings = {
				BUNDLE_LOADER = "$(TEST_HOST)";
				CODE_SIGN_STYLE = Automatic;
				DEVELOPMENT_TEAM = ZK6TP6FELQ;
				INFOPLIST_FILE = LastFMTests/Info.plist;
				LD_RUNPATH_SEARCH_PATHS = (
					"$(inherited)",
					"@executable_path/Frameworks",
					"@loader_path/Frameworks",
				);
				PRODUCT_BUNDLE_IDENTIFIER = com.sdp.LastFMTests;
				PRODUCT_NAME = "$(TARGET_NAME)";
				SWIFT_VERSION = 5.0;
				TARGETED_DEVICE_FAMILY = "1,2";
				TEST_HOST = "$(BUILT_PRODUCTS_DIR)/LastFM.app/LastFM";
			};
			name = Debug;
		};
		09D91D5725052CC5006C9413 /* Release */ = {
			isa = XCBuildConfiguration;
			buildSettings = {
				BUNDLE_LOADER = "$(TEST_HOST)";
				CODE_SIGN_STYLE = Automatic;
				DEVELOPMENT_TEAM = ZK6TP6FELQ;
				INFOPLIST_FILE = LastFMTests/Info.plist;
				LD_RUNPATH_SEARCH_PATHS = (
					"$(inherited)",
					"@executable_path/Frameworks",
					"@loader_path/Frameworks",
				);
				PRODUCT_BUNDLE_IDENTIFIER = com.sdp.LastFMTests;
				PRODUCT_NAME = "$(TARGET_NAME)";
				SWIFT_VERSION = 5.0;
				TARGETED_DEVICE_FAMILY = "1,2";
				TEST_HOST = "$(BUILT_PRODUCTS_DIR)/LastFM.app/LastFM";
			};
			name = Release;
		};
/* End XCBuildConfiguration section */

/* Begin XCConfigurationList section */
		0982C671250326F20066C549 /* Build configuration list for PBXProject "LastFM" */ = {
			isa = XCConfigurationList;
			buildConfigurations = (
				0982C688250326F40066C549 /* Debug */,
				0982C689250326F40066C549 /* Release */,
			);
			defaultConfigurationIsVisible = 0;
			defaultConfigurationName = Release;
		};
		0982C68A250326F40066C549 /* Build configuration list for PBXNativeTarget "LastFM" */ = {
			isa = XCConfigurationList;
			buildConfigurations = (
				0982C68B250326F40066C549 /* Debug */,
				0982C68C250326F40066C549 /* Release */,
			);
			defaultConfigurationIsVisible = 0;
			defaultConfigurationName = Release;
		};
		09D91D5825052CC5006C9413 /* Build configuration list for PBXNativeTarget "LastFMTests" */ = {
			isa = XCConfigurationList;
			buildConfigurations = (
				09D91D5625052CC5006C9413 /* Debug */,
				09D91D5725052CC5006C9413 /* Release */,
			);
			defaultConfigurationIsVisible = 0;
			defaultConfigurationName = Release;
		};
/* End XCConfigurationList section */
	};
	rootObject = 0982C66E250326F20066C549 /* Project object */;
}
